
Microsoft Visual Studio Solution File, Format Version 12.00
# Visual Studio Version 17
VisualStudioVersion = 17.0.31903.59
MinimumVisualStudioVersion = 10.0.40219.1
Project("{2150E333-8FDC-42A3-9474-1A3956D46DE8}") = "Backend", "Backend", "{7CC9FCB8-33FD-4C67-B725-AD4013724526}"
EndProject
Project("{FAE04EC0-301F-11D3-BF4B-00C04F79EFBC}") = "TravelOptimizer.Core", "Backend\TravelOptimizer.Core\TravelOptimizer.Core.csproj", "{B4DA3620-D808-4B78-A010-CC03E4692A43}"
EndProject
Project("{FAE04EC0-301F-11D3-BF4B-00C04F79EFBC}") = "TravelOptimizer.API", "Backend\TravelOptimizer.API\TravelOptimizer.API.csproj", "{EB7D7E15-FCD6-4DFD-BC70-0DFE9E9A59DA}"
EndProject
Project("{FAE04EC0-301F-11D3-BF4B-00C04F79EFBC}") = "TravelOptimizer.Infrastructure", "Backend\TravelOptimizer.Infrastructure\TravelOptimizer.Infrastructure.csproj", "{69A41640-FC14-4AD2-B578-CFEF8AE0A369}"
EndProject
Global
	GlobalSection(SolutionConfigurationPlatforms) = preSolution
		Debug|Any CPU = Debug|Any CPU
		Release|Any CPU = Release|Any CPU
	EndGlobalSection
	GlobalSection(SolutionProperties) = preSolution
		HideSolutionNode = FALSE
	EndGlobalSection
	GlobalSection(ProjectConfigurationPlatforms) = postSolution
		{B4DA3620-D808-4B78-A010-CC03E4692A43}.Debug|Any CPU.ActiveCfg = Debug|Any CPU
		{B4DA3620-D808-4B78-A010-CC03E4692A43}.Debug|Any CPU.Build.0 = Debug|Any CPU
		{B4DA3620-D808-4B78-A010-CC03E4692A43}.Release|Any CPU.ActiveCfg = Release|Any CPU
		{B4DA3620-D808-4B78-A010-CC03E4692A43}.Release|Any CPU.Build.0 = Release|Any CPU
		{EB7D7E15-FCD6-4DFD-BC70-0DFE9E9A59DA}.Debug|Any CPU.ActiveCfg = Debug|Any CPU
		{EB7D7E15-FCD6-4DFD-BC70-0DFE9E9A59DA}.Debug|Any CPU.Build.0 = Debug|Any CPU
		{EB7D7E15-FCD6-4DFD-BC70-0DFE9E9A59DA}.Release|Any CPU.ActiveCfg = Release|Any CPU
		{EB7D7E15-FCD6-4DFD-BC70-0DFE9E9A59DA}.Release|Any CPU.Build.0 = Release|Any CPU
		{69A41640-FC14-4AD2-B578-CFEF8AE0A369}.Debug|Any CPU.ActiveCfg = Debug|Any CPU
		{69A41640-FC14-4AD2-B578-CFEF8AE0A369}.Debug|Any CPU.Build.0 = Debug|Any CPU
		{69A41640-FC14-4AD2-B578-CFEF8AE0A369}.Release|Any CPU.ActiveCfg = Release|Any CPU
		{69A41640-FC14-4AD2-B578-CFEF8AE0A369}.Release|Any CPU.Build.0 = Release|Any CPU
	EndGlobalSection
	GlobalSection(NestedProjects) = preSolution
		{B4DA3620-D808-4B78-A010-CC03E4692A43} = {7CC9FCB8-33FD-4C67-B725-AD4013724526}
		{EB7D7E15-FCD6-4DFD-BC70-0DFE9E9A59DA} = {7CC9FCB8-33FD-4C67-B725-AD4013724526}
		{69A41640-FC14-4AD2-B578-CFEF8AE0A369} = {7CC9FCB8-33FD-4C67-B725-AD4013724526}
	EndGlobalSection
EndGlobal
